{
  "name": "hexo-tool-cc",
  "version": "1.1.2",
  "lockfileVersion": 1,
  "requires": true,
  "dependencies": {
    "hexo-tool-cc": {
      "version": "1.0.1",
      "resolved": "https://registry.npmmirror.com/hexo-tool-cc/-/hexo-tool-cc-1.0.1.tgz",
      "integrity": "sha512-YJKQmKoCszQPcPFLgRjrg2TjwcYXEaQCpcfVaosURMNSCvsFM4+NJoZt9l1K20bf8iC1kppzdTa4w1wTn6YkTw==",
      "requires": {
        "hexo-tool-cc": "^1.0.0"
      }
    }
  }
}
